
Microsoft Visual Studio Solution File, Format Version 12.00
# Visual Studio Version 16
VisualStudioVersion = 16.0.30717.126
MinimumVisualStudioVersion = 10.0.40219.1
Project("{FAE04EC0-301F-11D3-BF4B-00C04F79EFBC}") = "Removed", "Removed.csproj", "{42332391-85E9-4D72-AA46-65D2177F1B72}"
EndProject
Global
	GlobalSection(SolutionConfigurationPlatforms) = preSolution
		Debug|Any CPU = Debug|Any CPU
		Release|Any CPU = Release|Any CPU
	EndGlobalSection
	GlobalSection(ProjectConfigurationPlatforms) = postSolution
		{42332391-85E9-4D72-AA46-65D2177F1B72}.Debug|Any CPU.ActiveCfg = Debug|Any CPU
		{42332391-85E9-4D72-AA46-65D2177F1B72}.Debug|Any CPU.Build.0 = Debug|Any CPU
		{42332391-85E9-4D72-AA46-65D2177F1B72}.Release|Any CPU.ActiveCfg = Release|Any CPU
		{42332391-85E9-4D72-AA46-65D2177F1B72}.Release|Any CPU.Build.0 = Release|Any CPU
	EndGlobalSection
	GlobalSection(SolutionProperties) = preSolution
		HideSolutionNode = FALSE
	EndGlobalSection
	GlobalSection(ExtensibilityGlobals) = postSolution
		SolutionGuid = {655FA7C6-23BE-4F77-AFFB-6C3DBAE98BA2}
	EndGlobalSection
EndGlobal
